<Solution>
  <Folder Name="/src/">
    <Project Path="src/PI.AppHost/PI.AppHost.csproj" />
    <Project Path="src/PI.SearchApi/PI.SearchApi.csproj" />
  </Folder>
  <Folder Name="/tests/">
    <Project Path="tests/PI.SearchApi.Tests/PI.SearchApi.Tests.csproj" />
    <Project Path="tests/PI.SearchApi.IntegrationTests/PI.SearchApi.IntegrationTests.csproj" />
  </Folder>
</Solution>
